
Microsoft Visual Studio Solution File, Format Version 12.00
# Visual Studio Version 17
VisualStudioVersion = 17.0.32112.339
MinimumVisualStudioVersion = 10.0.40219.1
Project("{FAE04EC0-301F-11D3-BF4B-00C04F79EFBC}") = "AreaOfShapes.", "..\AreaOfShapes\AreaOfShapes..csproj", "{948D4542-EE98-4EB1-BE68-9F947188FFA2}"
EndProject
Global
	GlobalSection(SolutionConfigurationPlatforms) = preSolution
		Debug|Any CPU = Debug|Any CPU
		Release|Any CPU = Release|Any CPU
	EndGlobalSection
	GlobalSection(ProjectConfigurationPlatforms) = postSolution
		{948D4542-EE98-4EB1-BE68-9F947188FFA2}.Debug|Any CPU.ActiveCfg = Debug|Any CPU
		{948D4542-EE98-4EB1-BE68-9F947188FFA2}.Debug|Any CPU.Build.0 = Debug|Any CPU
		{948D4542-EE98-4EB1-BE68-9F947188FFA2}.Release|Any CPU.ActiveCfg = Release|Any CPU
		{948D4542-EE98-4EB1-BE68-9F947188FFA2}.Release|Any CPU.Build.0 = Release|Any CPU
	EndGlobalSection
	GlobalSection(SolutionProperties) = preSolution
		HideSolutionNode = FALSE
	EndGlobalSection
	GlobalSection(ExtensibilityGlobals) = postSolution
		SolutionGuid = {ABC94788-2938-4B04-B56B-034C5FB07D7F}
	EndGlobalSection
EndGlobal
